Microsoft Visual Studio Solution File, Format Version 12.00
# Visual Studio Version 17
VisualStudioVersion = 17.5.2.0
MinimumVisualStudioVersion = 10.0.40219.1
Project("{FAE04EC0-301F-11D3-BF4B-00C04F79EFBC}") = "firstmc", "firstmc\firstmc.csproj", "{E8545E7D-3523-BF50-7FC6-7FCDF3B35D37}"
EndProject
Global
	GlobalSection(SolutionConfigurationPlatforms) = preSolution
		Debug|Any CPU = Debug|Any CPU
		Release|Any CPU = Release|Any CPU
	EndGlobalSection
	GlobalSection(ProjectConfigurationPlatforms) = postSolution
		{E8545E7D-3523-BF50-7FC6-7FCDF3B35D37}.Debug|Any CPU.ActiveCfg = Debug|Any CPU
		{E8545E7D-3523-BF50-7FC6-7FCDF3B35D37}.Debug|Any CPU.Build.0 = Debug|Any CPU
		{E8545E7D-3523-BF50-7FC6-7FCDF3B35D37}.Release|Any CPU.ActiveCfg = Release|Any CPU
		{E8545E7D-3523-BF50-7FC6-7FCDF3B35D37}.Release|Any CPU.Build.0 = Release|Any CPU
	EndGlobalSection
	GlobalSection(SolutionProperties) = preSolution
		HideSolutionNode = FALSE
	EndGlobalSection
	GlobalSection(ExtensibilityGlobals) = postSolution
		SolutionGuid = {F89B6A39-CA19-46D2-B807-ED09A0652A77}
	EndGlobalSection
EndGlobal
